
Microsoft Visual Studio Solution File, Format Version 12.00
# Visual Studio Version 17
VisualStudioVersion = 17.5.002.0
MinimumVisualStudioVersion = 10.0.40219.1
Project("{9A19103F-16F7-4668-BE54-9A1E7A4F7556}") = "ListApi", "ListApi.csproj", "{0B26FEB5-7710-4B47-BDCE-EECD6549B813}"
EndProject
Global
	GlobalSection(SolutionConfigurationPlatforms) = preSolution
		Debug|Any CPU = Debug|Any CPU
		Release|Any CPU = Release|Any CPU
	EndGlobalSection
	GlobalSection(ProjectConfigurationPlatforms) = postSolution
		{0B26FEB5-7710-4B47-BDCE-EECD6549B813}.Debug|Any CPU.ActiveCfg = Debug|Any CPU
		{0B26FEB5-7710-4B47-BDCE-EECD6549B813}.Debug|Any CPU.Build.0 = Debug|Any CPU
		{0B26FEB5-7710-4B47-BDCE-EECD6549B813}.Release|Any CPU.ActiveCfg = Release|Any CPU
		{0B26FEB5-7710-4B47-BDCE-EECD6549B813}.Release|Any CPU.Build.0 = Release|Any CPU
	EndGlobalSection
	GlobalSection(SolutionProperties) = preSolution
		HideSolutionNode = FALSE
	EndGlobalSection
	GlobalSection(ExtensibilityGlobals) = postSolution
		SolutionGuid = {C20A379F-B86B-4253-B73A-8ADD1838644F}
	EndGlobalSection
EndGlobal
